
Microsoft Visual Studio Solution File, Format Version 11.00
# Visual Studio 2010
Project("{FAE04EC0-301F-11D3-BF4B-00C04F79EFBC}") = "LoadClient", "LoadClient\LoadClient.csproj", "{FD6402C6-203C-4C62-B2E3-DFA6E5B6522B}"
EndProject
Project("{FAE04EC0-301F-11D3-BF4B-00C04F79EFBC}") = "BasicFtp", "..\UncBasedInstaller_x64\BasicFtp\BasicFtp.csproj", "{3791C98A-ED17-4586-857D-AB103DC909EA}"
EndProject
Project("{54435603-DBB4-11D2-8724-00A0C9A8B90C}") = "LoadInst", "LoadInst\LoadInst.vdproj", "{99127C85-102B-4FCD-B04C-1FC069507441}"
EndProject
Global
	GlobalSection(TeamFoundationVersionControl) = preSolution
		SccNumberOfProjects = 4
		SccEnterpriseProvider = {4CA58AB2-18FA-4F8D-95D4-32DDF27D184C}
		SccTeamFoundationServer = http://srv02:5050/tfs/tfs
		SccLocalPath0 = .
		SccProjectUniqueName1 = LoadClient\\LoadClient.csproj
		SccProjectName1 = LoadClient
		SccLocalPath1 = LoadClient
		SccProjectUniqueName2 = LoadInst\\LoadInst.vdproj
		SccProjectName2 = LoadInst
		SccLocalPath2 = LoadInst
		SccProjectUniqueName3 = ..\\UncBasedInstaller_x64\\BasicFtp\\BasicFtp.csproj
		SccProjectName3 = ../UncBasedInstaller_x64/BasicFtp
		SccLocalPath3 = ..\\UncBasedInstaller_x64\\BasicFtp
	EndGlobalSection
	GlobalSection(SolutionConfigurationPlatforms) = preSolution
		Debug|Any CPU = Debug|Any CPU
		Release|Any CPU = Release|Any CPU
	EndGlobalSection
	GlobalSection(ProjectConfigurationPlatforms) = postSolution
		{FD6402C6-203C-4C62-B2E3-DFA6E5B6522B}.Debug|Any CPU.ActiveCfg = Debug|Any CPU
		{FD6402C6-203C-4C62-B2E3-DFA6E5B6522B}.Debug|Any CPU.Build.0 = Debug|Any CPU
		{FD6402C6-203C-4C62-B2E3-DFA6E5B6522B}.Release|Any CPU.ActiveCfg = Release|Any CPU
		{FD6402C6-203C-4C62-B2E3-DFA6E5B6522B}.Release|Any CPU.Build.0 = Release|Any CPU
		{3791C98A-ED17-4586-857D-AB103DC909EA}.Debug|Any CPU.ActiveCfg = Debug|Any CPU
		{3791C98A-ED17-4586-857D-AB103DC909EA}.Debug|Any CPU.Build.0 = Debug|Any CPU
		{3791C98A-ED17-4586-857D-AB103DC909EA}.Release|Any CPU.ActiveCfg = Release|Any CPU
		{3791C98A-ED17-4586-857D-AB103DC909EA}.Release|Any CPU.Build.0 = Release|Any CPU
		{99127C85-102B-4FCD-B04C-1FC069507441}.Debug|Any CPU.ActiveCfg = Debug
		{99127C85-102B-4FCD-B04C-1FC069507441}.Release|Any CPU.ActiveCfg = Release
	EndGlobalSection
	GlobalSection(SolutionProperties) = preSolution
		HideSolutionNode = FALSE
	EndGlobalSection
EndGlobal
