
Microsoft Visual Studio Solution File, Format Version 10.00
# Visual Studio 2008
Project("{FAE04EC0-301F-11D3-BF4B-00C04F79EFBC}") = "TechAdmin_StandAlone", "TechAdmin_StandAlone.csproj", "{63211C6E-D045-4DB7-977E-24DCC2642C3C}"
EndProject
Project("{FAE04EC0-301F-11D3-BF4B-00C04F79EFBC}") = "BasicFtp", "..\BasicFtp\BasicFtp.csproj", "{3791C98A-ED17-4586-857D-AB103DC909EA}"
EndProject
Global
	GlobalSection(TeamFoundationVersionControl) = preSolution
		SccNumberOfProjects = 3
		SccEnterpriseProvider = {4CA58AB2-18FA-4F8D-95D4-32DDF27D184C}
		SccTeamFoundationServer = http://srv02:5050/tfs
		SccLocalPath0 = .
		SccProjectUniqueName1 = TechAdmin_StandAlone.csproj
		SccLocalPath1 = .
		SccProjectUniqueName2 = ..\\BasicFtp\\BasicFtp.csproj
		SccProjectName2 = ../UncBasedInstaller/UncBasedInstaller_x64/BasicFtp
		SccLocalPath2 = ..\\BasicFtp
	EndGlobalSection
	GlobalSection(SolutionConfigurationPlatforms) = preSolution
		Debug|Any CPU = Debug|Any CPU
		Release|Any CPU = Release|Any CPU
	EndGlobalSection
	GlobalSection(ProjectConfigurationPlatforms) = postSolution
		{63211C6E-D045-4DB7-977E-24DCC2642C3C}.Debug|Any CPU.ActiveCfg = Debug|Any CPU
		{63211C6E-D045-4DB7-977E-24DCC2642C3C}.Debug|Any CPU.Build.0 = Debug|Any CPU
		{63211C6E-D045-4DB7-977E-24DCC2642C3C}.Release|Any CPU.ActiveCfg = Release|Any CPU
		{63211C6E-D045-4DB7-977E-24DCC2642C3C}.Release|Any CPU.Build.0 = Release|Any CPU
		{3791C98A-ED17-4586-857D-AB103DC909EA}.Debug|Any CPU.ActiveCfg = Debug|Any CPU
		{3791C98A-ED17-4586-857D-AB103DC909EA}.Debug|Any CPU.Build.0 = Debug|Any CPU
		{3791C98A-ED17-4586-857D-AB103DC909EA}.Release|Any CPU.ActiveCfg = Release|Any CPU
		{3791C98A-ED17-4586-857D-AB103DC909EA}.Release|Any CPU.Build.0 = Release|Any CPU
	EndGlobalSection
	GlobalSection(SolutionProperties) = preSolution
		HideSolutionNode = FALSE
	EndGlobalSection
EndGlobal
